
Microsoft Visual Studio Solution File, Format Version 12.00
# Visual Studio Version 17
VisualStudioVersion = 17.4.33213.308
MinimumVisualStudioVersion = 10.0.40219.1
Project("{8BC9CEB8-8B4A-11D0-8D11-00A0C91BC942}") = "QM_Algorithm", "QM_Algorithm\QM_Algorithm.vcxproj", "{C1DAAE28-7C44-4967-92C1-DF550F58E3DF}"
EndProject
Global
	GlobalSection(SolutionConfigurationPlatforms) = preSolution
		Debug|x64 = Debug|x64
		Debug|x86 = Debug|x86
		Release|x64 = Release|x64
		Release|x86 = Release|x86
	EndGlobalSection
	GlobalSection(ProjectConfigurationPlatforms) = postSolution
		{C1DAAE28-7C44-4967-92C1-DF550F58E3DF}.Debug|x64.ActiveCfg = Debug|x64
		{C1DAAE28-7C44-4967-92C1-DF550F58E3DF}.Debug|x64.Build.0 = Debug|x64
		{C1DAAE28-7C44-4967-92C1-DF550F58E3DF}.Debug|x86.ActiveCfg = Debug|Win32
		{C1DAAE28-7C44-4967-92C1-DF550F58E3DF}.Debug|x86.Build.0 = Debug|Win32
		{C1DAAE28-7C44-4967-92C1-DF550F58E3DF}.Release|x64.ActiveCfg = Release|x64
		{C1DAAE28-7C44-4967-92C1-DF550F58E3DF}.Release|x64.Build.0 = Release|x64
		{C1DAAE28-7C44-4967-92C1-DF550F58E3DF}.Release|x86.ActiveCfg = Release|Win32
		{C1DAAE28-7C44-4967-92C1-DF550F58E3DF}.Release|x86.Build.0 = Release|Win32
	EndGlobalSection
	GlobalSection(SolutionProperties) = preSolution
		HideSolutionNode = FALSE
	EndGlobalSection
	GlobalSection(ExtensibilityGlobals) = postSolution
		SolutionGuid = {09C42BBE-6709-4ADE-AC3E-FE29A50A8A91}
	EndGlobalSection
EndGlobal
